
Microsoft Visual Studio Solution File, Format Version 12.00
# Visual Studio Version 16
VisualStudioVersion = 16.0.30406.217
MinimumVisualStudioVersion = 10.0.40219.1
Project("{FAE04EC0-301F-11D3-BF4B-00C04F79EFBC}") = "RTC.Common", "RTC.Common\RTC.Common.csproj", "{A2AB91A5-B03A-4030-B049-162C3CE2241B}"
EndProject
Project("{FAE04EC0-301F-11D3-BF4B-00C04F79EFBC}") = "RTC.Data", "RTC.Data\RTC.Data.csproj", "{C629CD83-5FC5-4AEB-938B-8539BAE94BF9}"
EndProject
Project("{FAE04EC0-301F-11D3-BF4B-00C04F79EFBC}") = "RTC.Model", "RTC.Model\RTC.Model.csproj", "{2C8801C1-A2B8-4BF7-BCD2-C691A28C815F}"
EndProject
Project("{FAE04EC0-301F-11D3-BF4B-00C04F79EFBC}") = "RTC.Service", "RTC.Service\RTC.Service.csproj", "{A58451EF-307E-4FF6-8918-03C88890315B}"
EndProject
Project("{FAE04EC0-301F-11D3-BF4B-00C04F79EFBC}") = "RTC.UnitTest", "RTC.UnitTest\RTC.UnitTest.csproj", "{3E2C5309-4E5E-4CFE-92E8-A11653348FC9}"
EndProject
Project("{FAE04EC0-301F-11D3-BF4B-00C04F79EFBC}") = "RTC.Web", "RTC.Web\RTC.Web.csproj", "{82A18847-A10B-4AFB-97B3-D6A02BA161C4}"
EndProject
Global
	GlobalSection(SolutionConfigurationPlatforms) = preSolution
		Debug|Any CPU = Debug|Any CPU
		Release|Any CPU = Release|Any CPU
	EndGlobalSection
	GlobalSection(ProjectConfigurationPlatforms) = postSolution
		{A2AB91A5-B03A-4030-B049-162C3CE2241B}.Debug|Any CPU.ActiveCfg = Debug|Any CPU
		{A2AB91A5-B03A-4030-B049-162C3CE2241B}.Debug|Any CPU.Build.0 = Debug|Any CPU
		{A2AB91A5-B03A-4030-B049-162C3CE2241B}.Release|Any CPU.ActiveCfg = Release|Any CPU
		{A2AB91A5-B03A-4030-B049-162C3CE2241B}.Release|Any CPU.Build.0 = Release|Any CPU
		{C629CD83-5FC5-4AEB-938B-8539BAE94BF9}.Debug|Any CPU.ActiveCfg = Debug|Any CPU
		{C629CD83-5FC5-4AEB-938B-8539BAE94BF9}.Debug|Any CPU.Build.0 = Debug|Any CPU
		{C629CD83-5FC5-4AEB-938B-8539BAE94BF9}.Release|Any CPU.ActiveCfg = Release|Any CPU
		{C629CD83-5FC5-4AEB-938B-8539BAE94BF9}.Release|Any CPU.Build.0 = Release|Any CPU
		{2C8801C1-A2B8-4BF7-BCD2-C691A28C815F}.Debug|Any CPU.ActiveCfg = Debug|Any CPU
		{2C8801C1-A2B8-4BF7-BCD2-C691A28C815F}.Debug|Any CPU.Build.0 = Debug|Any CPU
		{2C8801C1-A2B8-4BF7-BCD2-C691A28C815F}.Release|Any CPU.ActiveCfg = Release|Any CPU
		{2C8801C1-A2B8-4BF7-BCD2-C691A28C815F}.Release|Any CPU.Build.0 = Release|Any CPU
		{A58451EF-307E-4FF6-8918-03C88890315B}.Debug|Any CPU.ActiveCfg = Debug|Any CPU
		{A58451EF-307E-4FF6-8918-03C88890315B}.Debug|Any CPU.Build.0 = Debug|Any CPU
		{A58451EF-307E-4FF6-8918-03C88890315B}.Release|Any CPU.ActiveCfg = Release|Any CPU
		{A58451EF-307E-4FF6-8918-03C88890315B}.Release|Any CPU.Build.0 = Release|Any CPU
		{3E2C5309-4E5E-4CFE-92E8-A11653348FC9}.Debug|Any CPU.ActiveCfg = Debug|Any CPU
		{3E2C5309-4E5E-4CFE-92E8-A11653348FC9}.Debug|Any CPU.Build.0 = Debug|Any CPU
		{3E2C5309-4E5E-4CFE-92E8-A11653348FC9}.Release|Any CPU.ActiveCfg = Release|Any CPU
		{3E2C5309-4E5E-4CFE-92E8-A11653348FC9}.Release|Any CPU.Build.0 = Release|Any CPU
		{82A18847-A10B-4AFB-97B3-D6A02BA161C4}.Debug|Any CPU.ActiveCfg = Debug|Any CPU
		{82A18847-A10B-4AFB-97B3-D6A02BA161C4}.Debug|Any CPU.Build.0 = Debug|Any CPU
		{82A18847-A10B-4AFB-97B3-D6A02BA161C4}.Release|Any CPU.ActiveCfg = Release|Any CPU
		{82A18847-A10B-4AFB-97B3-D6A02BA161C4}.Release|Any CPU.Build.0 = Release|Any CPU
	EndGlobalSection
	GlobalSection(SolutionProperties) = preSolution
		HideSolutionNode = FALSE
	EndGlobalSection
	GlobalSection(ExtensibilityGlobals) = postSolution
		SolutionGuid = {7A8273D7-33BB-45E9-A56D-CFA155A0A076}
	EndGlobalSection
EndGlobal
